// !$*UTF8*$!
{
	archiveVersion = 1;
	classes = {
	};
	objectVersion = 50;
	objects = {

/* Begin PBXBuildFile section */
		CD0DA013245B0D28003B9B80 /* AppDelegate.m in Sources */ = {isa = PBXBuildFile; fileRef = CD0DA012245B0D28003B9B80 /* AppDelegate.m */; };
		CD0DA016245B0D28003B9B80 /* SceneDelegate.m in Sources */ = {isa = PBXBuildFile; fileRef = CD0DA015245B0D28003B9B80 /* SceneDelegate.m */; };
		CD0DA019245B0D28003B9B80 /* ViewController.m in Sources */ = {isa = PBXBuildFile; fileRef = CD0DA018245B0D28003B9B80 /* ViewController.m */; };
		CD0DA01C245B0D28003B9B80 /* Main.storyboard in Resources */ = {isa = PBXBuildFile; fileRef = CD0DA01A245B0D28003B9B80 /* Main.storyboard */; };
		CD0DA01E245B0D28003B9B80 /* Assets.xcassets in Resources */ = {isa = PBXBuildFile; fileRef = CD0DA01D245B0D28003B9B80 /* Assets.xcassets */; };
		CD0DA021245B0D28003B9B80 /* LaunchScreen.storyboard in Resources */ = {isa = PBXBuildFile; fileRef = CD0DA01F245B0D28003B9B80 /* LaunchScreen.storyboard */; };
		CD0DA024245B0D28003B9B80 /* main.m in Sources */ = {isa = PBXBuildFile; fileRef = CD0DA023245B0D28003B9B80 /* main.m */; };
		CD0DA02E245B0D29003B9B80 /* DemoNormalTests.m in Sources */ = {isa = PBXBuildFile; fileRef = CD0DA02D245B0D29003B9B80 /* DemoNormalTests.m */; };
		CD0DA039245B0D29003B9B80 /* DemoNormalUITests.m in Sources */ = {isa = PBXBuildFile; fileRef = CD0DA038245B0D29003B9B80 /* DemoNormalUITests.m */; };
/* End PBXBuildFile section */

/* Begin PBXContainerItemProxy section */
		CD0DA02A245B0D29003B9B80 /* PBXContainerItemProxy */ = {
			isa = PBXContainerItemProxy;
			containerPortal = CD0DA006245B0D28003B9B80 /* Project object */;
			proxyType = 1;
			remoteGlobalIDString = CD0DA00D245B0D28003B9B80;
			remoteInfo = DemoNormal;
		};
		CD0DA035245B0D29003B9B80 /* PBXContainerItemProxy */ = {
			isa = PBXContainerItemProxy;
			containerPortal = CD0DA006245B0D28003B9B80 /* Project object */;
			proxyType = 1;
			remoteGlobalIDString = CD0DA00D245B0D28003B9B80;
			remoteInfo = DemoNormal;
		};
/* End PBXContainerItemProxy section */

/* Begin PBXFileReference section */
		CD0DA00E245B0D28003B9B80 /* DemoNormal.app */ = {isa = PBXFileReference; explicitFileType = wrapper.application; includeInIndex = 0; path = DemoNormal.app; sourceTree = BUILT_PRODUCTS_DIR; };
		CD0DA011245B0D28003B9B80 /* AppDelegate.h */ = {isa = PBXFileReference; lastKnownFileType = sourcecode.c.h; path = AppDelegate.h; sourceTree = "<group>"; };
		CD0DA012245B0D28003B9B80 /* AppDelegate.m */ = {isa = PBXFileReference; lastKnownFileType = sourcecode.c.objc; path = AppDelegate.m; sourceTree = "<group>"; };
		CD0DA014245B0D28003B9B80 /* SceneDelegate.h */ = {isa = PBXFileReference; lastKnownFileType = sourcecode.c.h; path = SceneDelegate.h; sourceTree = "<group>"; };
		CD0DA015245B0D28003B9B80 /* SceneDelegate.m */ = {isa = PBXFileReference; lastKnownFileType = sourcecode.c.objc; path = SceneDelegate.m; sourceTree = "<group>"; };
		CD0DA017245B0D28003B9B80 /* ViewController.h */ = {isa = PBXFileReference; lastKnownFileType = sourcecode.c.h; path = ViewController.h; sourceTree = "<group>"; };
		CD0DA018245B0D28003B9B80 /* ViewController.m */ = {isa = PBXFileReference; lastKnownFileType = sourcecode.c.objc; path = ViewController.m; sourceTree = "<group>"; };
		CD0DA01B245B0D28003B9B80 /* Base */ = {isa = PBXFileReference; lastKnownFileType = file.storyboard; name = Base; path = Base.lproj/Main.storyboard; sourceTree = "<group>"; };
		CD0DA01D245B0D28003B9B80 /* Assets.xcassets */ = {isa = PBXFileReference; lastKnownFileType = folder.assetcatalog; path = Assets.xcassets; sourceTree = "<group>"; };
		CD0DA020245B0D28003B9B80 /* Base */ = {isa = PBXFileReference; lastKnownFileType = file.storyboard; name = Base; path = Base.lproj/LaunchScreen.storyboard; sourceTree = "<group>"; };
		CD0DA022245B0D28003B9B80 /* Info.plist */ = {isa = PBXFileReference; lastKnownFileType = text.plist.xml; path = Info.plist; sourceTree = "<group>"; };
		CD0DA023245B0D28003B9B80 /* main.m */ = {isa = PBXFileReference; lastKnownFileType = sourcecode.c.objc; path = main.m; sourceTree = "<group>"; };
		CD0DA029245B0D29003B9B80 /* DemoNormalTests.xctest */ = {isa = PBXFileReference; explicitFileType = wrapper.cfbundle; includeInIndex = 0; path = DemoNormalTests.xctest; sourceTree = BUILT_PRODUCTS_DIR; };
		CD0DA02D245B0D29003B9B80 /* DemoNormalTests.m */ = {isa = PBXFileReference; lastKnownFileType = sourcecode.c.objc; path = DemoNormalTests.m; sourceTree = "<group>"; };
		CD0DA02F245B0D29003B9B80 /* Info.plist */ = {isa = PBXFileReference; lastKnownFileType = text.plist.xml; path = Info.plist; sourceTree = "<group>"; };
		CD0DA034245B0D29003B9B80 /* DemoNormalUITests.xctest */ = {isa = PBXFileReference; explicitFileType = wrapper.cfbundle; includeInIndex = 0; path = DemoNormalUITests.xctest; sourceTree = BUILT_PRODUCTS_DIR; };
		CD0DA038245B0D29003B9B80 /* DemoNormalUITests.m */ = {isa = PBXFileReference; lastKnownFileType = sourcecode.c.objc; path = DemoNormalUITests.m; sourceTree = "<group>"; };
		CD0DA03A245B0D29003B9B80 /* Info.plist */ = {isa = PBXFileReference; lastKnownFileType = text.plist.xml; path = Info.plist; sourceTree = "<group>"; };
/* End PBXFileReference section */

/* Begin PBXFrameworksBuildPhase section */
		CD0DA00B245B0D28003B9B80 /* Frameworks */ = {
			isa = PBXFrameworksBuildPhase;
			buildActionMask = 2147483647;
			files = (
			);
			runOnlyForDeploymentPostprocessing = 0;
		};
		CD0DA026245B0D29003B9B80 /* Frameworks */ = {
			isa = PBXFrameworksBuildPhase;
			buildActionMask = 2147483647;
			files = (
			);
			runOnlyForDeploymentPostprocessing = 0;
		};
		CD0DA031245B0D29003B9B80 /* Frameworks */ = {
			isa = PBXFrameworksBuildPhase;
			buildActionMask = 2147483647;
			files = (
			);
			runOnlyForDeploymentPostprocessing = 0;
		};
/* End PBXFrameworksBuildPhase section */

/* Begin PBXGroup section */
		CD0DA005245B0D28003B9B80 = {
			isa = PBXGroup;
			children = (
				CD0DA010245B0D28003B9B80 /* DemoNormal */,
				CD0DA02C245B0D29003B9B80 /* DemoNormalTests */,
				CD0DA037245B0D29003B9B80 /* DemoNormalUITests */,
				CD0DA00F245B0D28003B9B80 /* Products */,
			);
			sourceTree = "<group>";
		};
		CD0DA00F245B0D28003B9B80 /* Products */ = {
			isa = PBXGroup;
			children = (
				CD0DA00E245B0D28003B9B80 /* DemoNormal.app */,
				CD0DA029245B0D29003B9B80 /* DemoNormalTests.xctest */,
				CD0DA034245B0D29003B9B80 /* DemoNormalUITests.xctest */,
			);
			name = Products;
			sourceTree = "<group>";
		};
		CD0DA010245B0D28003B9B80 /* DemoNormal */ = {
			isa = PBXGroup;
			children = (
				CD0DA011245B0D28003B9B80 /* AppDelegate.h */,
				CD0DA012245B0D28003B9B80 /* AppDelegate.m */,
				CD0DA014245B0D28003B9B80 /* SceneDelegate.h */,
				CD0DA015245B0D28003B9B80 /* SceneDelegate.m */,
				CD0DA017245B0D28003B9B80 /* ViewController.h */,
				CD0DA018245B0D28003B9B80 /* ViewController.m */,
				CD0DA01A245B0D28003B9B80 /* Main.storyboard */,
				CD0DA01D245B0D28003B9B80 /* Assets.xcassets */,
				CD0DA01F245B0D28003B9B80 /* LaunchScreen.storyboard */,
				CD0DA022245B0D28003B9B80 /* Info.plist */,
				CD0DA023245B0D28003B9B80 /* main.m */,
			);
			path = DemoNormal;
			sourceTree = "<group>";
		};
		CD0DA02C245B0D29003B9B80 /* DemoNormalTests */ = {
			isa = PBXGroup;
			children = (
				CD0DA02D245B0D29003B9B80 /* DemoNormalTests.m */,
				CD0DA02F245B0D29003B9B80 /* Info.plist */,
			);
			path = DemoNormalTests;
			sourceTree = "<group>";
		};
		CD0DA037245B0D29003B9B80 /* DemoNormalUITests */ = {
			isa = PBXGroup;
			children = (
				CD0DA038245B0D29003B9B80 /* DemoNormalUITests.m */,
				CD0DA03A245B0D29003B9B80 /* Info.plist */,
			);
			path = DemoNormalUITests;
			sourceTree = "<group>";
		};
/* End PBXGroup section */

/* Begin PBXNativeTarget section */
		CD0DA00D245B0D28003B9B80 /* DemoNormal */ = {
			isa = PBXNativeTarget;
			buildConfigurationList = CD0DA03D245B0D29003B9B80 /* Build configuration list for PBXNativeTarget "DemoNormal" */;
			buildPhases = (
				CD0DA00A245B0D28003B9B80 /* Sources */,
				CD0DA00B245B0D28003B9B80 /* Frameworks */,
				CD0DA00C245B0D28003B9B80 /* Resources */,
			);
			buildRules = (
			);
			dependencies = (
			);
			name = DemoNormal;
			productName = DemoNormal;
			productReference = CD0DA00E245B0D28003B9B80 /* DemoNormal.app */;
			productType = "com.apple.product-type.application";
		};
		CD0DA028245B0D29003B9B80 /* DemoNormalTests */ = {
			isa = PBXNativeTarget;
			buildConfigurationList = CD0DA040245B0D29003B9B80 /* Build configuration list for PBXNativeTarget "DemoNormalTests" */;
			buildPhases = (
				CD0DA025245B0D29003B9B80 /* Sources */,
				CD0DA026245B0D29003B9B80 /* Frameworks */,
				CD0DA027245B0D29003B9B80 /* Resources */,
			);
			buildRules = (
			);
			dependencies = (
				CD0DA02B245B0D29003B9B80 /* PBXTargetDependency */,
			);
			name = DemoNormalTests;
			productName = DemoNormalTests;
			productReference = CD0DA029245B0D29003B9B80 /* DemoNormalTests.xctest */;
			productType = "com.apple.product-type.bundle.unit-test";
		};
		CD0DA033245B0D29003B9B80 /* DemoNormalUITests */ = {
			isa = PBXNativeTarget;
			buildConfigurationList = CD0DA043245B0D29003B9B80 /* Build configuration list for PBXNativeTarget "DemoNormalUITests" */;
			buildPhases = (
				CD0DA030245B0D29003B9B80 /* Sources */,
				CD0DA031245B0D29003B9B80 /* Frameworks */,
				CD0DA032245B0D29003B9B80 /* Resources */,
			);
			buildRules = (
			);
			dependencies = (
				CD0DA036245B0D29003B9B80 /* PBXTargetDependency */,
			);
			name = DemoNormalUITests;
			productName = DemoNormalUITests;
			productReference = CD0DA034245B0D29003B9B80 /* DemoNormalUITests.xctest */;
			productType = "com.apple.product-type.bundle.ui-testing";
		};
/* End PBXNativeTarget section */

/* Begin PBXProject section */
		CD0DA006245B0D28003B9B80 /* Project object */ = {
			isa = PBXProject;
			attributes = {
				LastUpgradeCheck = 1130;
				ORGANIZATIONNAME = com.xiaowangzi;
				TargetAttributes = {
					CD0DA00D245B0D28003B9B80 = {
						CreatedOnToolsVersion = 11.3;
					};
					CD0DA028245B0D29003B9B80 = {
						CreatedOnToolsVersion = 11.3;
						TestTargetID = CD0DA00D245B0D28003B9B80;
					};
					CD0DA033245B0D29003B9B80 = {
						CreatedOnToolsVersion = 11.3;
						TestTargetID = CD0DA00D245B0D28003B9B80;
					};
				};
			};
			buildConfigurationList = CD0DA009245B0D28003B9B80 /* Build configuration list for PBXProject "DemoNormal" */;
			compatibilityVersion = "Xcode 9.3";
			developmentRegion = en;
			hasScannedForEncodings = 0;
			knownRegions = (
				en,
				Base,
			);
			mainGroup = CD0DA005245B0D28003B9B80;
			productRefGroup = CD0DA00F245B0D28003B9B80 /* Products */;
			projectDirPath = "";
			projectRoot = "";
			targets = (
				CD0DA00D245B0D28003B9B80 /* DemoNormal */,
				CD0DA028245B0D29003B9B80 /* DemoNormalTests */,
				CD0DA033245B0D29003B9B80 /* DemoNormalUITests */,
			);
		};
/* End PBXProject section */

/* Begin PBXResourcesBuildPhase section */
		CD0DA00C245B0D28003B9B80 /* Resources */ = {
			isa = PBXResourcesBuildPhase;
			buildActionMask = 2147483647;
			files = (
				CD0DA021245B0D28003B9B80 /* LaunchScreen.storyboard in Resources */,
				CD0DA01E245B0D28003B9B80 /* Assets.xcassets in Resources */,
				CD0DA01C245B0D28003B9B80 /* Main.storyboard in Resources */,
			);
			runOnlyForDeploymentPostprocessing = 0;
		};
		CD0DA027245B0D29003B9B80 /* Resources */ = {
			isa = PBXResourcesBuildPhase;
			buildActionMask = 2147483647;
			files = (
			);
			runOnlyForDeploymentPostprocessing = 0;
		};
		CD0DA032245B0D29003B9B80 /* Resources */ = {
			isa = PBXResourcesBuildPhase;
			buildActionMask = 2147483647;
			files = (
			);
			runOnlyForDeploymentPostprocessing = 0;
		};
/* End PBXResourcesBuildPhase section */

/* Begin PBXSourcesBuildPhase section */
		CD0DA00A245B0D28003B9B80 /* Sources */ = {
			isa = PBXSourcesBuildPhase;
			buildActionMask = 2147483647;
			files = (
				CD0DA019245B0D28003B9B80 /* ViewController.m in Sources */,
				CD0DA013245B0D28003B9B80 /* AppDelegate.m in Sources */,
				CD0DA024245B0D28003B9B80 /* main.m in Sources */,
				CD0DA016245B0D28003B9B80 /* SceneDelegate.m in Sources */,
			);
			runOnlyForDeploymentPostprocessing = 0;
		};
		CD0DA025245B0D29003B9B80 /* Sources */ = {
			isa = PBXSourcesBuildPhase;
			buildActionMask = 2147483647;
			files = (
				CD0DA02E245B0D29003B9B80 /* DemoNormalTests.m in Sources */,
			);
			runOnlyForDeploymentPostprocessing = 0;
		};
		CD0DA030245B0D29003B9B80 /* Sources */ = {
			isa = PBXSourcesBuildPhase;
			buildActionMask = 2147483647;
			files = (
				CD0DA039245B0D29003B9B80 /* DemoNormalUITests.m in Sources */,
			);
			runOnlyForDeploymentPostprocessing = 0;
		};
/* End PBXSourcesBuildPhase section */

/* Begin PBXTargetDependency section */
		CD0DA02B245B0D29003B9B80 /* PBXTargetDependency */ = {
			isa = PBXTargetDependency;
			target = CD0DA00D245B0D28003B9B80 /* DemoNormal */;
			targetProxy = CD0DA02A245B0D29003B9B80 /* PBXContainerItemProxy */;
		};
		CD0DA036245B0D29003B9B80 /* PBXTargetDependency */ = {
			isa = PBXTargetDependency;
			target = CD0DA00D245B0D28003B9B80 /* DemoNormal */;
			targetProxy = CD0DA035245B0D29003B9B80 /* PBXContainerItemProxy */;
		};
/* End PBXTargetDependency section */

/* Begin PBXVariantGroup section */
		CD0DA01A245B0D28003B9B80 /* Main.storyboard */ = {
			isa = PBXVariantGroup;
			children = (
				CD0DA01B245B0D28003B9B80 /* Base */,
			);
			name = Main.storyboard;
			sourceTree = "<group>";
		};
		CD0DA01F245B0D28003B9B80 /* LaunchScreen.storyboard */ = {
			isa = PBXVariantGroup;
			children = (
				CD0DA020245B0D28003B9B80 /* Base */,
			);
			name = LaunchScreen.storyboard;
			sourceTree = "<group>";
		};
/* End PBXVariantGroup section */

/* Begin XCBuildConfiguration section */
		CD0DA03B245B0D29003B9B80 /* Debug */ = {
			isa = XCBuildConfiguration;
			buildSettings = {
				ALWAYS_SEARCH_USER_PATHS = NO;
				CLANG_ANALYZER_NONNULL = YES;
				CLANG_ANALYZER_NUMBER_OBJECT_CONVERSION = YES_AGGRESSIVE;
				CLANG_CXX_LANGUAGE_STANDARD = "gnu++14";
				CLANG_CXX_LIBRARY = "libc++";
				CLANG_ENABLE_MODULES = YES;
				CLANG_ENABLE_OBJC_ARC = YES;
				CLANG_ENABLE_OBJC_WEAK = YES;
				CLANG_WARN_BLOCK_CAPTURE_AUTORELEASING = YES;
				CLANG_WARN_BOOL_CONVERSION = YES;
				CLANG_WARN_COMMA = YES;
				CLANG_WARN_CONSTANT_CONVERSION = YES;
				CLANG_WARN_DEPRECATED_OBJC_IMPLEMENTATIONS = YES;
				CLANG_WARN_DIRECT_OBJC_ISA_USAGE = YES_ERROR;
				CLANG_WARN_DOCUMENTATION_COMMENTS = YES;
				CLANG_WARN_EMPTY_BODY = YES;
				CLANG_WARN_ENUM_CONVERSION = YES;
				CLANG_WARN_INFINITE_RECURSION = YES;
				CLANG_WARN_INT_CONVERSION = YES;
				CLANG_WARN_NON_LITERAL_NULL_CONVERSION = YES;
				CLANG_WARN_OBJC_IMPLICIT_RETAIN_SELF = YES;
				CLANG_WARN_OBJC_LITERAL_CONVERSION = YES;
				CLANG_WARN_OBJC_ROOT_CLASS = YES_ERROR;
				CLANG_WARN_RANGE_LOOP_ANALYSIS = YES;
				CLANG_WARN_STRICT_PROTOTYPES = YES;
				CLANG_WARN_SUSPICIOUS_MOVE = YES;
				CLANG_WARN_UNGUARDED_AVAILABILITY = YES_AGGRESSIVE;
				CLANG_WARN_UNREACHABLE_CODE = YES;
				CLANG_WARN__DUPLICATE_METHOD_MATCH = YES;
				COPY_PHASE_STRIP = NO;
				DEBUG_INFORMATION_FORMAT = dwarf;
				ENABLE_STRICT_OBJC_MSGSEND = YES;
				ENABLE_TESTABILITY = YES;
				GCC_C_LANGUAGE_STANDARD = gnu11;
				GCC_DYNAMIC_NO_PIC = NO;
				GCC_NO_COMMON_BLOCKS = YES;
				GCC_OPTIMIZATION_LEVEL = 0;
				GCC_PREPROCESSOR_DEFINITIONS = (
					"DEBUG=1",
					"$(inherited)",
				);
				GCC_WARN_64_TO_32_BIT_CONVERSION = YES;
				GCC_WARN_ABOUT_RETURN_TYPE = YES_ERROR;
				GCC_WARN_UNDECLARED_SELECTOR = YES;
				GCC_WARN_UNINITIALIZED_AUTOS = YES_AGGRESSIVE;
				GCC_WARN_UNUSED_FUNCTION = YES;
				GCC_WARN_UNUSED_VARIABLE = YES;
				IPHONEOS_DEPLOYMENT_TARGET = 13.2;
				MTL_ENABLE_DEBUG_INFO = INCLUDE_SOURCE;
				MTL_FAST_MATH = YES;
				ONLY_ACTIVE_ARCH = YES;
				SDKROOT = iphoneos;
			};
			name = Debug;
		};
		CD0DA03C245B0D29003B9B80 /* Release */ = {
			isa = XCBuildConfiguration;
			buildSettings = {
				ALWAYS_SEARCH_USER_PATHS = NO;
				CLANG_ANALYZER_NONNULL = YES;
				CLANG_ANALYZER_NUMBER_OBJECT_CONVERSION = YES_AGGRESSIVE;
				CLANG_CXX_LANGUAGE_STANDARD = "gnu++14";
				CLANG_CXX_LIBRARY = "libc++";
				CLANG_ENABLE_MODULES = YES;
				CLANG_ENABLE_OBJC_ARC = YES;
				CLANG_ENABLE_OBJC_WEAK = YES;
				CLANG_WARN_BLOCK_CAPTURE_AUTORELEASING = YES;
				CLANG_WARN_BOOL_CONVERSION = YES;
				CLANG_WARN_COMMA = YES;
				CLANG_WARN_CONSTANT_CONVERSION = YES;
				CLANG_WARN_DEPRECATED_OBJC_IMPLEMENTATIONS = YES;
				CLANG_WARN_DIRECT_OBJC_ISA_USAGE = YES_ERROR;
				CLANG_WARN_DOCUMENTATION_COMMENTS = YES;
				CLANG_WARN_EMPTY_BODY = YES;
				CLANG_WARN_ENUM_CONVERSION = YES;
				CLANG_WARN_INFINITE_RECURSION = YES;
				CLANG_WARN_INT_CONVERSION = YES;
				CLANG_WARN_NON_LITERAL_NULL_CONVERSION = YES;
				CLANG_WARN_OBJC_IMPLICIT_RETAIN_SELF = YES;
				CLANG_WARN_OBJC_LITERAL_CONVERSION = YES;
				CLANG_WARN_OBJC_ROOT_CLASS = YES_ERROR;
				CLANG_WARN_RANGE_LOOP_ANALYSIS = YES;
				CLANG_WARN_STRICT_PROTOTYPES = YES;
				CLANG_WARN_SUSPICIOUS_MOVE = YES;
				CLANG_WARN_UNGUARDED_AVAILABILITY = YES_AGGRESSIVE;
				CLANG_WARN_UNREACHABLE_CODE = YES;
				CLANG_WARN__DUPLICATE_METHOD_MATCH = YES;
				COPY_PHASE_STRIP = NO;
				DEBUG_INFORMATION_FORMAT = "dwarf-with-dsym";
				ENABLE_NS_ASSERTIONS = NO;
				ENABLE_STRICT_OBJC_MSGSEND = YES;
				GCC_C_LANGUAGE_STANDARD = gnu11;
				GCC_NO_COMMON_BLOCKS = YES;
				GCC_WARN_64_TO_32_BIT_CONVERSION = YES;
				GCC_WARN_ABOUT_RETURN_TYPE = YES_ERROR;
				GCC_WARN_UNDECLARED_SELECTOR = YES;
				GCC_WARN_UNINITIALIZED_AUTOS = YES_AGGRESSIVE;
				GCC_WARN_UNUSED_FUNCTION = YES;
				GCC_WARN_UNUSED_VARIABLE = YES;
				IPHONEOS_DEPLOYMENT_TARGET = 13.2;
				MTL_ENABLE_DEBUG_INFO = NO;
				MTL_FAST_MATH = YES;
				SDKROOT = iphoneos;
				VALIDATE_PRODUCT = YES;
			};
			name = Release;
		};
		CD0DA03E245B0D29003B9B80 /* Debug */ = {
			isa = XCBuildConfiguration;
			buildSettings = {
				ASSETCATALOG_COMPILER_APPICON_NAME = AppIcon;
				CODE_SIGN_STYLE = Automatic;
				DEVELOPMENT_TEAM = 6M2ML5822V;
				INFOPLIST_FILE = DemoNormal/Info.plist;
				LD_RUNPATH_SEARCH_PATHS = (
					"$(inherited)",
					"@executable_path/Frameworks",
				);
				PRODUCT_BUNDLE_IDENTIFIER = com.xiaowangzi.DemoNormal;
				PRODUCT_NAME = "$(TARGET_NAME)";
				TARGETED_DEVICE_FAMILY = "1,2";
			};
			name = Debug;
		};
		CD0DA03F245B0D29003B9B80 /* Release */ = {
			isa = XCBuildConfiguration;
			buildSettings = {
				ASSETCATALOG_COMPILER_APPICON_NAME = AppIcon;
				CODE_SIGN_STYLE = Automatic;
				DEVELOPMENT_TEAM = 6M2ML5822V;
				INFOPLIST_FILE = DemoNormal/Info.plist;
				LD_RUNPATH_SEARCH_PATHS = (
					"$(inherited)",
					"@executable_path/Frameworks",
				);
				PRODUCT_BUNDLE_IDENTIFIER = com.xiaowangzi.DemoNormal;
				PRODUCT_NAME = "$(TARGET_NAME)";
				TARGETED_DEVICE_FAMILY = "1,2";
			};
			name = Release;
		};
		CD0DA041245B0D29003B9B80 /* Debug */ = {
			isa = XCBuildConfiguration;
			buildSettings = {
				BUNDLE_LOADER = "$(TEST_HOST)";
				CODE_SIGN_STYLE = Automatic;
				DEVELOPMENT_TEAM = 6M2ML5822V;
				INFOPLIST_FILE = DemoNormalTests/Info.plist;
				IPHONEOS_DEPLOYMENT_TARGET = 13.2;
				LD_RUNPATH_SEARCH_PATHS = (
					"$(inherited)",
					"@executable_path/Frameworks",
					"@loader_path/Frameworks",
				);
				PRODUCT_BUNDLE_IDENTIFIER = com.xiaowangzi.DemoNormalTests;
				PRODUCT_NAME = "$(TARGET_NAME)";
				TARGETED_DEVICE_FAMILY = "1,2";
				TEST_HOST = "$(BUILT_PRODUCTS_DIR)/DemoNormal.app/DemoNormal";
			};
			name = Debug;
		};
		CD0DA042245B0D29003B9B80 /* Release */ = {
			isa = XCBuildConfiguration;
			buildSettings = {
				BUNDLE_LOADER = "$(TEST_HOST)";
				CODE_SIGN_STYLE = Automatic;
				DEVELOPMENT_TEAM = 6M2ML5822V;
				INFOPLIST_FILE = DemoNormalTests/Info.plist;
				IPHONEOS_DEPLOYMENT_TARGET = 13.2;
				LD_RUNPATH_SEARCH_PATHS = (
					"$(inherited)",
					"@executable_path/Frameworks",
					"@loader_path/Frameworks",
				);
				PRODUCT_BUNDLE_IDENTIFIER = com.xiaowangzi.DemoNormalTests;
				PRODUCT_NAME = "$(TARGET_NAME)";
				TARGETED_DEVICE_FAMILY = "1,2";
				TEST_HOST = "$(BUILT_PRODUCTS_DIR)/DemoNormal.app/DemoNormal";
			};
			name = Release;
		};
		CD0DA044245B0D29003B9B80 /* Debug */ = {
			isa = XCBuildConfiguration;
			buildSettings = {
				CODE_SIGN_STYLE = Automatic;
				DEVELOPMENT_TEAM = 6M2ML5822V;
				INFOPLIST_FILE = DemoNormalUITests/Info.plist;
				LD_RUNPATH_SEARCH_PATHS = (
					"$(inherited)",
					"@executable_path/Frameworks",
					"@loader_path/Frameworks",
				);
				PRODUCT_BUNDLE_IDENTIFIER = com.xiaowangzi.DemoNormalUITests;
				PRODUCT_NAME = "$(TARGET_NAME)";
				TARGETED_DEVICE_FAMILY = "1,2";
				TEST_TARGET_NAME = DemoNormal;
			};
			name = Debug;
		};
		CD0DA045245B0D29003B9B80 /* Release */ = {
			isa = XCBuildConfiguration;
			buildSettings = {
				CODE_SIGN_STYLE = Automatic;
				DEVELOPMENT_TEAM = 6M2ML5822V;
				INFOPLIST_FILE = DemoNormalUITests/Info.plist;
				LD_RUNPATH_SEARCH_PATHS = (
					"$(inherited)",
					"@executable_path/Frameworks",
					"@loader_path/Frameworks",
				);
				PRODUCT_BUNDLE_IDENTIFIER = com.xiaowangzi.DemoNormalUITests;
				PRODUCT_NAME = "$(TARGET_NAME)";
				TARGETED_DEVICE_FAMILY = "1,2";
				TEST_TARGET_NAME = DemoNormal;
			};
			name = Release;
		};
/* End XCBuildConfiguration section */

/* Begin XCConfigurationList section */
		CD0DA009245B0D28003B9B80 /* Build configuration list for PBXProject "DemoNormal" */ = {
			isa = XCConfigurationList;
			buildConfigurations = (
				CD0DA03B245B0D29003B9B80 /* Debug */,
				CD0DA03C245B0D29003B9B80 /* Release */,
			);
			defaultConfigurationIsVisible = 0;
			defaultConfigurationName = Release;
		};
		CD0DA03D245B0D29003B9B80 /* Build configuration list for PBXNativeTarget "DemoNormal" */ = {
			isa = XCConfigurationList;
			buildConfigurations = (
				CD0DA03E245B0D29003B9B80 /* Debug */,
				CD0DA03F245B0D29003B9B80 /* Release */,
			);
			defaultConfigurationIsVisible = 0;
			defaultConfigurationName = Release;
		};
		CD0DA040245B0D29003B9B80 /* Build configuration list for PBXNativeTarget "DemoNormalTests" */ = {
			isa = XCConfigurationList;
			buildConfigurations = (
				CD0DA041245B0D29003B9B80 /* Debug */,
				CD0DA042245B0D29003B9B80 /* Release */,
			);
			defaultConfigurationIsVisible = 0;
			defaultConfigurationName = Release;
		};
		CD0DA043245B0D29003B9B80 /* Build configuration list for PBXNativeTarget "DemoNormalUITests" */ = {
			isa = XCConfigurationList;
			buildConfigurations = (
				CD0DA044245B0D29003B9B80 /* Debug */,
				CD0DA045245B0D29003B9B80 /* Release */,
			);
			defaultConfigurationIsVisible = 0;
			defaultConfigurationName = Release;
		};
/* End XCConfigurationList section */
	};
	rootObject = CD0DA006245B0D28003B9B80 /* Project object */;
}
